<Solution>
  <Configurations>
    <BuildType Name="Debug" />
    <BuildType Name="Release" />
  </Configurations>
  
  <Project Path="Client\Turnierverwaltung.Client.proj" />
  <Project Path="Server\Turnierverwaltung.Server.csproj" />
  <Project Path="Server.Tests\Turnierverwaltung.Server.Tests.csproj" />
</Solution>